
Microsoft Visual Studio Solution File, Format Version 12.00
# Visual Studio 2012
Project("{FAE04EC0-301F-11D3-BF4B-00C04F79EFBC}") = "WebApplication", "WebApplication\WebApplication.csproj", "{CA983FC4-3045-44D2-AD0B-E4933BEA3EBF}"
EndProject
Project("{FAE04EC0-301F-11D3-BF4B-00C04F79EFBC}") = "DAL", "DAL\DAL.csproj", "{EA5743AE-F29A-4B93-A543-F945B748FDAD}"
EndProject
Project("{FAE04EC0-301F-11D3-BF4B-00C04F79EFBC}") = "BLL", "BLL\BLL.csproj", "{662A025A-8C74-4CA8-BCC1-B703786D5B84}"
EndProject
Project("{FAE04EC0-301F-11D3-BF4B-00C04F79EFBC}") = "Models", "Models\Models.csproj", "{E980ECB8-C3D4-4968-A803-369136CB9E1A}"
EndProject
Global
	GlobalSection(SolutionConfigurationPlatforms) = preSolution
		Debug|Any CPU = Debug|Any CPU
		Release|Any CPU = Release|Any CPU
	EndGlobalSection
	GlobalSection(ProjectConfigurationPlatforms) = postSolution
		{CA983FC4-3045-44D2-AD0B-E4933BEA3EBF}.Debug|Any CPU.ActiveCfg = Debug|Any CPU
		{CA983FC4-3045-44D2-AD0B-E4933BEA3EBF}.Debug|Any CPU.Build.0 = Debug|Any CPU
		{CA983FC4-3045-44D2-AD0B-E4933BEA3EBF}.Release|Any CPU.ActiveCfg = Release|Any CPU
		{CA983FC4-3045-44D2-AD0B-E4933BEA3EBF}.Release|Any CPU.Build.0 = Release|Any CPU
		{EA5743AE-F29A-4B93-A543-F945B748FDAD}.Debug|Any CPU.ActiveCfg = Debug|Any CPU
		{EA5743AE-F29A-4B93-A543-F945B748FDAD}.Debug|Any CPU.Build.0 = Debug|Any CPU
		{EA5743AE-F29A-4B93-A543-F945B748FDAD}.Release|Any CPU.ActiveCfg = Release|Any CPU
		{EA5743AE-F29A-4B93-A543-F945B748FDAD}.Release|Any CPU.Build.0 = Release|Any CPU
		{662A025A-8C74-4CA8-BCC1-B703786D5B84}.Debug|Any CPU.ActiveCfg = Debug|Any CPU
		{662A025A-8C74-4CA8-BCC1-B703786D5B84}.Debug|Any CPU.Build.0 = Debug|Any CPU
		{662A025A-8C74-4CA8-BCC1-B703786D5B84}.Release|Any CPU.ActiveCfg = Release|Any CPU
		{662A025A-8C74-4CA8-BCC1-B703786D5B84}.Release|Any CPU.Build.0 = Release|Any CPU
		{E980ECB8-C3D4-4968-A803-369136CB9E1A}.Debug|Any CPU.ActiveCfg = Debug|Any CPU
		{E980ECB8-C3D4-4968-A803-369136CB9E1A}.Debug|Any CPU.Build.0 = Debug|Any CPU
		{E980ECB8-C3D4-4968-A803-369136CB9E1A}.Release|Any CPU.ActiveCfg = Release|Any CPU
		{E980ECB8-C3D4-4968-A803-369136CB9E1A}.Release|Any CPU.Build.0 = Release|Any CPU
	EndGlobalSection
	GlobalSection(SolutionProperties) = preSolution
		HideSolutionNode = FALSE
	EndGlobalSection
EndGlobal
